
Microsoft Visual Studio Solution File, Format Version 12.00
# Visual Studio Version 16
VisualStudioVersion = 16.0.29215.179
MinimumVisualStudioVersion = 10.0.40219.1
Project("{FAE04EC0-301F-11D3-BF4B-00C04F79EFBC}") = "PartyInvites", "PartyInvites\PartyInvites.csproj", "{C4A4BC18-4AA0-4BA3-8E1D-FD5B67E8B31C}"
EndProject
Global
	GlobalSection(SolutionConfigurationPlatforms) = preSolution
		Debug|Any CPU = Debug|Any CPU
		Release|Any CPU = Release|Any CPU
	EndGlobalSection
	GlobalSection(ProjectConfigurationPlatforms) = postSolution
		{C4A4BC18-4AA0-4BA3-8E1D-FD5B67E8B31C}.Debug|Any CPU.ActiveCfg = Debug|Any CPU
		{C4A4BC18-4AA0-4BA3-8E1D-FD5B67E8B31C}.Debug|Any CPU.Build.0 = Debug|Any CPU
		{C4A4BC18-4AA0-4BA3-8E1D-FD5B67E8B31C}.Release|Any CPU.ActiveCfg = Release|Any CPU
		{C4A4BC18-4AA0-4BA3-8E1D-FD5B67E8B31C}.Release|Any CPU.Build.0 = Release|Any CPU
	EndGlobalSection
	GlobalSection(SolutionProperties) = preSolution
		HideSolutionNode = FALSE
	EndGlobalSection
	GlobalSection(ExtensibilityGlobals) = postSolution
		SolutionGuid = {1D2EA136-C5D3-42ED-8A1D-AAC3A29A177C}
	EndGlobalSection
EndGlobal
